# This file is automatically @generated by Cargo.
# It is not intended for manual editing.
version = 4

[[package]]
name = "assets"
version = "0.0.0"

[[package]]
name = "audio"
version = "0.0.0"

[[package]]
name = "battle"
version = "0.0.0"

[[package]]
name = "engine"
version = "0.0.0"

[[package]]
name = "platform"
version = "0.0.0"

[[package]]
name = "pokeemerald-rs"
version = "0.0.0"

[[package]]
name = "rendering"
version = "0.0.0"

[[package]]
name = "xtask"
version = "0.0.0"
